
Microsoft Visual Studio Solution File, Format Version 12.00
# Visual Studio Version 17
VisualStudioVersion = 17.3.32819.101
MinimumVisualStudioVersion = 10.0.40219.1
Project("{FAE04EC0-301F-11D3-BF4B-00C04F79EFBC}") = "ListSearch", "ListSearch.csproj", "{042B02DD-9A19-4A4D-B5EF-B2A02C6CD953}"
EndProject
Global
	GlobalSection(SolutionConfigurationPlatforms) = preSolution
		Debug|Any CPU = Debug|Any CPU
		Release|Any CPU = Release|Any CPU
	EndGlobalSection
	GlobalSection(ProjectConfigurationPlatforms) = postSolution
		{042B02DD-9A19-4A4D-B5EF-B2A02C6CD953}.Debug|Any CPU.ActiveCfg = Debug|Any CPU
		{042B02DD-9A19-4A4D-B5EF-B2A02C6CD953}.Debug|Any CPU.Build.0 = Debug|Any CPU
		{042B02DD-9A19-4A4D-B5EF-B2A02C6CD953}.Release|Any CPU.ActiveCfg = Release|Any CPU
		{042B02DD-9A19-4A4D-B5EF-B2A02C6CD953}.Release|Any CPU.Build.0 = Release|Any CPU
	EndGlobalSection
	GlobalSection(SolutionProperties) = preSolution
		HideSolutionNode = FALSE
	EndGlobalSection
	GlobalSection(ExtensibilityGlobals) = postSolution
		SolutionGuid = {35067B5E-5EB3-4DF7-AF1C-4C0DAAE1C3AA}
	EndGlobalSection
EndGlobal
