
Microsoft Visual Studio Solution File, Format Version 12.00
# Visual Studio Version 17
VisualStudioVersion = 17.3.32819.101
MinimumVisualStudioVersion = 10.0.40219.1
Project("{FAE04EC0-301F-11D3-BF4B-00C04F79EFBC}") = "GreenvilleMotto", "GreenvilleMotto.csproj", "{169CE8AE-10EF-44B4-A7AF-1D784A0D12BC}"
EndProject
Global
	GlobalSection(SolutionConfigurationPlatforms) = preSolution
		Debug|Any CPU = Debug|Any CPU
		Release|Any CPU = Release|Any CPU
	EndGlobalSection
	GlobalSection(ProjectConfigurationPlatforms) = postSolution
		{169CE8AE-10EF-44B4-A7AF-1D784A0D12BC}.Debug|Any CPU.ActiveCfg = Debug|Any CPU
		{169CE8AE-10EF-44B4-A7AF-1D784A0D12BC}.Debug|Any CPU.Build.0 = Debug|Any CPU
		{169CE8AE-10EF-44B4-A7AF-1D784A0D12BC}.Release|Any CPU.ActiveCfg = Release|Any CPU
		{169CE8AE-10EF-44B4-A7AF-1D784A0D12BC}.Release|Any CPU.Build.0 = Release|Any CPU
	EndGlobalSection
	GlobalSection(SolutionProperties) = preSolution
		HideSolutionNode = FALSE
	EndGlobalSection
	GlobalSection(ExtensibilityGlobals) = postSolution
		SolutionGuid = {6E95C074-8B11-464A-A90F-D1D21D2851A5}
	EndGlobalSection
EndGlobal
