
Microsoft Visual Studio Solution File, Format Version 12.00
# Visual Studio Version 17
VisualStudioVersion = 17.4.33103.184
MinimumVisualStudioVersion = 10.0.40219.1
Project("{FAE04EC0-301F-11D3-BF4B-00C04F79EFBC}") = "AdApp2", "AdApp2.csproj", "{BBB7DE4A-FB65-4FCD-A815-A1394B4F17E1}"
EndProject
Global
	GlobalSection(SolutionConfigurationPlatforms) = preSolution
		Debug|Any CPU = Debug|Any CPU
		Release|Any CPU = Release|Any CPU
	EndGlobalSection
	GlobalSection(ProjectConfigurationPlatforms) = postSolution
		{BBB7DE4A-FB65-4FCD-A815-A1394B4F17E1}.Debug|Any CPU.ActiveCfg = Debug|Any CPU
		{BBB7DE4A-FB65-4FCD-A815-A1394B4F17E1}.Debug|Any CPU.Build.0 = Debug|Any CPU
		{BBB7DE4A-FB65-4FCD-A815-A1394B4F17E1}.Release|Any CPU.ActiveCfg = Release|Any CPU
		{BBB7DE4A-FB65-4FCD-A815-A1394B4F17E1}.Release|Any CPU.Build.0 = Release|Any CPU
	EndGlobalSection
	GlobalSection(SolutionProperties) = preSolution
		HideSolutionNode = FALSE
	EndGlobalSection
	GlobalSection(ExtensibilityGlobals) = postSolution
		SolutionGuid = {800718C1-3F24-41BC-87B2-00BEE0747D3E}
	EndGlobalSection
EndGlobal
