
Microsoft Visual Studio Solution File, Format Version 12.00
# Visual Studio Version 17
VisualStudioVersion = 17.3.32819.101
MinimumVisualStudioVersion = 10.0.40219.1
Project("{FAE04EC0-301F-11D3-BF4B-00C04F79EFBC}") = "GreenvilleMotto2", "GreenvilleMotto2.csproj", "{B1CF4DF1-53EB-4227-8F6C-96E1468A8631}"
EndProject
Global
	GlobalSection(SolutionConfigurationPlatforms) = preSolution
		Debug|Any CPU = Debug|Any CPU
		Release|Any CPU = Release|Any CPU
	EndGlobalSection
	GlobalSection(ProjectConfigurationPlatforms) = postSolution
		{B1CF4DF1-53EB-4227-8F6C-96E1468A8631}.Debug|Any CPU.ActiveCfg = Debug|Any CPU
		{B1CF4DF1-53EB-4227-8F6C-96E1468A8631}.Debug|Any CPU.Build.0 = Debug|Any CPU
		{B1CF4DF1-53EB-4227-8F6C-96E1468A8631}.Release|Any CPU.ActiveCfg = Release|Any CPU
		{B1CF4DF1-53EB-4227-8F6C-96E1468A8631}.Release|Any CPU.Build.0 = Release|Any CPU
	EndGlobalSection
	GlobalSection(SolutionProperties) = preSolution
		HideSolutionNode = FALSE
	EndGlobalSection
	GlobalSection(ExtensibilityGlobals) = postSolution
		SolutionGuid = {95EBBFB3-7349-4D26-8841-478B2676B0B3}
	EndGlobalSection
EndGlobal
