
Microsoft Visual Studio Solution File, Format Version 12.00
# Visual Studio Version 17
VisualStudioVersion = 17.3.32819.101
MinimumVisualStudioVersion = 10.0.40219.1
Project("{FAE04EC0-301F-11D3-BF4B-00C04F79EFBC}") = "TestScoreArray", "TestScoreArray.csproj", "{BBA9C1BF-4735-45AC-8BC9-D095BBF7A6B6}"
EndProject
Global
	GlobalSection(SolutionConfigurationPlatforms) = preSolution
		Debug|Any CPU = Debug|Any CPU
		Release|Any CPU = Release|Any CPU
	EndGlobalSection
	GlobalSection(ProjectConfigurationPlatforms) = postSolution
		{BBA9C1BF-4735-45AC-8BC9-D095BBF7A6B6}.Debug|Any CPU.ActiveCfg = Debug|Any CPU
		{BBA9C1BF-4735-45AC-8BC9-D095BBF7A6B6}.Debug|Any CPU.Build.0 = Debug|Any CPU
		{BBA9C1BF-4735-45AC-8BC9-D095BBF7A6B6}.Release|Any CPU.ActiveCfg = Release|Any CPU
		{BBA9C1BF-4735-45AC-8BC9-D095BBF7A6B6}.Release|Any CPU.Build.0 = Release|Any CPU
	EndGlobalSection
	GlobalSection(SolutionProperties) = preSolution
		HideSolutionNode = FALSE
	EndGlobalSection
	GlobalSection(ExtensibilityGlobals) = postSolution
		SolutionGuid = {15EE7775-E31B-48BD-ACF2-61694EFB608F}
	EndGlobalSection
EndGlobal
