
Microsoft Visual Studio Solution File, Format Version 12.00
# Visual Studio Version 17
VisualStudioVersion = 17.3.32819.101
MinimumVisualStudioVersion = 10.0.40219.1
Project("{FAE04EC0-301F-11D3-BF4B-00C04F79EFBC}") = "NestedLoop", "NestedLoop.csproj", "{F59761E3-B041-462D-B8B7-F70C2373BC7B}"
EndProject
Global
	GlobalSection(SolutionConfigurationPlatforms) = preSolution
		Debug|Any CPU = Debug|Any CPU
		Release|Any CPU = Release|Any CPU
	EndGlobalSection
	GlobalSection(ProjectConfigurationPlatforms) = postSolution
		{F59761E3-B041-462D-B8B7-F70C2373BC7B}.Debug|Any CPU.ActiveCfg = Debug|Any CPU
		{F59761E3-B041-462D-B8B7-F70C2373BC7B}.Debug|Any CPU.Build.0 = Debug|Any CPU
		{F59761E3-B041-462D-B8B7-F70C2373BC7B}.Release|Any CPU.ActiveCfg = Release|Any CPU
		{F59761E3-B041-462D-B8B7-F70C2373BC7B}.Release|Any CPU.Build.0 = Release|Any CPU
	EndGlobalSection
	GlobalSection(SolutionProperties) = preSolution
		HideSolutionNode = FALSE
	EndGlobalSection
	GlobalSection(ExtensibilityGlobals) = postSolution
		SolutionGuid = {AFB256EF-C252-4940-8F34-238353351B9B}
	EndGlobalSection
EndGlobal
